
Microsoft Visual Studio Solution File, Format Version 12.00
# Visual Studio Version 17
VisualStudioVersion = 17.4.33213.308
MinimumVisualStudioVersion = 10.0.40219.1
Project("{FAE04EC0-301F-11D3-BF4B-00C04F79EFBC}") = "TRabbitMQ", "TRabbitMQ.csproj", "{C4A745F2-1C38-44A9-A3EF-78D5528A2F00}"
EndProject
Global
	GlobalSection(SolutionConfigurationPlatforms) = preSolution
		Debug|Any CPU = Debug|Any CPU
		Release|Any CPU = Release|Any CPU
	EndGlobalSection
	GlobalSection(ProjectConfigurationPlatforms) = postSolution
		{C4A745F2-1C38-44A9-A3EF-78D5528A2F00}.Debug|Any CPU.ActiveCfg = Debug|Any CPU
		{C4A745F2-1C38-44A9-A3EF-78D5528A2F00}.Debug|Any CPU.Build.0 = Debug|Any CPU
		{C4A745F2-1C38-44A9-A3EF-78D5528A2F00}.Release|Any CPU.ActiveCfg = Release|Any CPU
		{C4A745F2-1C38-44A9-A3EF-78D5528A2F00}.Release|Any CPU.Build.0 = Release|Any CPU
	EndGlobalSection
	GlobalSection(SolutionProperties) = preSolution
		HideSolutionNode = FALSE
	EndGlobalSection
	GlobalSection(ExtensibilityGlobals) = postSolution
		SolutionGuid = {0272CE83-68A6-46B3-8877-555027F4F0BF}
	EndGlobalSection
EndGlobal
